
Microsoft Visual Studio Solution File, Format Version 12.00
# Visual Studio Version 16
VisualStudioVersion = 16.0.30804.86
MinimumVisualStudioVersion = 10.0.40219.1
Project("{FAE04EC0-301F-11D3-BF4B-00C04F79EFBC}") = "VELAppsHub", "VELAppsHub.csproj", "{BC21D606-C8A6-4643-9056-ED871D827D05}"
EndProject
Global
	GlobalSection(SolutionConfigurationPlatforms) = preSolution
		Debug|Any CPU = Debug|Any CPU
		Release|Any CPU = Release|Any CPU
	EndGlobalSection
	GlobalSection(ProjectConfigurationPlatforms) = postSolution
		{BC21D606-C8A6-4643-9056-ED871D827D05}.Debug|Any CPU.ActiveCfg = Debug|Any CPU
		{BC21D606-C8A6-4643-9056-ED871D827D05}.Debug|Any CPU.Build.0 = Debug|Any CPU
		{BC21D606-C8A6-4643-9056-ED871D827D05}.Release|Any CPU.ActiveCfg = Release|Any CPU
		{BC21D606-C8A6-4643-9056-ED871D827D05}.Release|Any CPU.Build.0 = Release|Any CPU
	EndGlobalSection
	GlobalSection(SolutionProperties) = preSolution
		HideSolutionNode = FALSE
	EndGlobalSection
	GlobalSection(ExtensibilityGlobals) = postSolution
		SolutionGuid = {AF7412F1-3066-4714-816A-7659BC7406A3}
	EndGlobalSection
EndGlobal
